
Microsoft Visual Studio Solution File, Format Version 12.00
# Visual Studio Version 17
VisualStudioVersion = 17.11.35327.3
MinimumVisualStudioVersion = 10.0.40219.1
Project("{FAE04EC0-301F-11D3-BF4B-00C04F79EFBC}") = "IDVERIFICATION", "IDVERIFICATION.csproj", "{C0ADD479-BD3F-4592-985E-87DF43771BE0}"
EndProject
Project("{FAE04EC0-301F-11D3-BF4B-00C04F79EFBC}") = "IDVERIFICATION.Tests", "..\IDVERIFICATION.Tests\IDVERIFICATION.Tests.csproj", "{270123E5-5F1F-4F1B-8A95-1F9576AF21DD}"
EndProject
Global
	GlobalSection(SolutionConfigurationPlatforms) = preSolution
		Debug|Any CPU = Debug|Any CPU
		Release|Any CPU = Release|Any CPU
	EndGlobalSection
	GlobalSection(ProjectConfigurationPlatforms) = postSolution
		{C0ADD479-BD3F-4592-985E-87DF43771BE0}.Debug|Any CPU.ActiveCfg = Debug|Any CPU
		{C0ADD479-BD3F-4592-985E-87DF43771BE0}.Debug|Any CPU.Build.0 = Debug|Any CPU
		{C0ADD479-BD3F-4592-985E-87DF43771BE0}.Release|Any CPU.ActiveCfg = Release|Any CPU
		{C0ADD479-BD3F-4592-985E-87DF43771BE0}.Release|Any CPU.Build.0 = Release|Any CPU
		{270123E5-5F1F-4F1B-8A95-1F9576AF21DD}.Debug|Any CPU.ActiveCfg = Debug|Any CPU
		{270123E5-5F1F-4F1B-8A95-1F9576AF21DD}.Debug|Any CPU.Build.0 = Debug|Any CPU
		{270123E5-5F1F-4F1B-8A95-1F9576AF21DD}.Release|Any CPU.ActiveCfg = Release|Any CPU
		{270123E5-5F1F-4F1B-8A95-1F9576AF21DD}.Release|Any CPU.Build.0 = Release|Any CPU
	EndGlobalSection
	GlobalSection(SolutionProperties) = preSolution
		HideSolutionNode = FALSE
	EndGlobalSection
	GlobalSection(ExtensibilityGlobals) = postSolution
		SolutionGuid = {58D0473F-0CEE-4012-9CA9-290DBC0EFBB5}
	EndGlobalSection
EndGlobal
